
Microsoft Visual Studio Solution File, Format Version 12.00
Project("{FAE04EC0-301F-11D3-BF4B-00C04F79EFBC}") = "Brainrot", "Brainrot\Brainrot.csproj", "{03BB6401-0989-4CFB-AC7A-B16FC84373EA}"
EndProject
Global
	GlobalSection(SolutionConfigurationPlatforms) = preSolution
		Debug|Any CPU = Debug|Any CPU
		Release|Any CPU = Release|Any CPU
	EndGlobalSection
	GlobalSection(ProjectConfigurationPlatforms) = postSolution
		{03BB6401-0989-4CFB-AC7A-B16FC84373EA}.Debug|Any CPU.ActiveCfg = Debug|Any CPU
		{03BB6401-0989-4CFB-AC7A-B16FC84373EA}.Debug|Any CPU.Build.0 = Debug|Any CPU
		{03BB6401-0989-4CFB-AC7A-B16FC84373EA}.Release|Any CPU.ActiveCfg = Release|Any CPU
		{03BB6401-0989-4CFB-AC7A-B16FC84373EA}.Release|Any CPU.Build.0 = Release|Any CPU
	EndGlobalSection
EndGlobal
